// !$*UTF8*$!
{
	archiveVersion = 1;
	classes = {
	};
	objectVersion = 46;
	objects = {

/* Begin PBXBuildFile section */
		1A3BEB111B56C602009644C9 /* CSStickyHeaderFlowLayout.framework in Frameworks */ = {isa = PBXBuildFile; fileRef = 1A3BEB101B56C602009644C9 /* CSStickyHeaderFlowLayout.framework */; };
		1A3BEB171B56C8E2009644C9 /* CollectionViewCell.swift in Sources */ = {isa = PBXBuildFile; fileRef = 1A3BEB161B56C8E2009644C9 /* CollectionViewCell.swift */; };
		1A3BEB191B56CBE9009644C9 /* CollectionParallaxHeader.swift in Sources */ = {isa = PBXBuildFile; fileRef = 1A3BEB181B56CBE9009644C9 /* CollectionParallaxHeader.swift */; };
		1A4229DA1B608D74009C66CD /* CollectionViewSectionHeader.swift in Sources */ = {isa = PBXBuildFile; fileRef = 1A4229D91B608D74009C66CD /* CollectionViewSectionHeader.swift */; };
		1A4B2F311B56C513007F67CC /* AppDelegate.swift in Sources */ = {isa = PBXBuildFile; fileRef = 1A4B2F301B56C513007F67CC /* AppDelegate.swift */; };
		1A4B2F331B56C513007F67CC /* CollectionViewController.swift in Sources */ = {isa = PBXBuildFile; fileRef = 1A4B2F321B56C513007F67CC /* CollectionViewController.swift */; };
		1A4B2F381B56C513007F67CC /* Images.xcassets in Resources */ = {isa = PBXBuildFile; fileRef = 1A4B2F371B56C513007F67CC /* Images.xcassets */; };
		1A4B2F3B1B56C513007F67CC /* LaunchScreen.xib in Resources */ = {isa = PBXBuildFile; fileRef = 1A4B2F391B56C513007F67CC /* LaunchScreen.xib */; };
		1A4B2F471B56C513007F67CC /* SwiftDemoTests.swift in Sources */ = {isa = PBXBuildFile; fileRef = 1A4B2F461B56C513007F67CC /* SwiftDemoTests.swift */; };
/* End PBXBuildFile section */

/* Begin PBXContainerItemProxy section */
		1A4B2F411B56C513007F67CC /* PBXContainerItemProxy */ = {
			isa = PBXContainerItemProxy;
			containerPortal = 1A4B2F231B56C513007F67CC /* Project object */;
			proxyType = 1;
			remoteGlobalIDString = 1A4B2F2A1B56C513007F67CC;
			remoteInfo = SwiftDemo;
		};
/* End PBXContainerItemProxy section */

/* Begin PBXFileReference section */
		1A3BEB101B56C602009644C9 /* CSStickyHeaderFlowLayout.framework */ = {isa = PBXFileReference; lastKnownFileType = wrapper.framework; name = CSStickyHeaderFlowLayout.framework; path = "../build/Debug-iphoneos/CSStickyHeaderFlowLayout.framework"; sourceTree = "<group>"; };
		1A3BEB131B56C65F009644C9 /* SwiftDemo-Bridging-Header.h */ = {isa = PBXFileReference; lastKnownFileType = sourcecode.c.h; path = "SwiftDemo-Bridging-Header.h"; sourceTree = "<group>"; };
		1A3BEB161B56C8E2009644C9 /* CollectionViewCell.swift */ = {isa = PBXFileReference; fileEncoding = 4; lastKnownFileType = sourcecode.swift; path = CollectionViewCell.swift; sourceTree = "<group>"; };
		1A3BEB181B56CBE9009644C9 /* CollectionParallaxHeader.swift */ = {isa = PBXFileReference; fileEncoding = 4; lastKnownFileType = sourcecode.swift; path = CollectionParallaxHeader.swift; sourceTree = "<group>"; };
		1A4229D91B608D74009C66CD /* CollectionViewSectionHeader.swift */ = {isa = PBXFileReference; fileEncoding = 4; lastKnownFileType = sourcecode.swift; path = CollectionViewSectionHeader.swift; sourceTree = "<group>"; };
		1A4B2F2B1B56C513007F67CC /* SwiftDemo.app */ = {isa = PBXFileReference; explicitFileType = wrapper.application; includeInIndex = 0; path = SwiftDemo.app; sourceTree = BUILT_PRODUCTS_DIR; };
		1A4B2F2F1B56C513007F67CC /* Info.plist */ = {isa = PBXFileReference; lastKnownFileType = text.plist.xml; path = Info.plist; sourceTree = "<group>"; };
		1A4B2F301B56C513007F67CC /* AppDelegate.swift */ = {isa = PBXFileReference; lastKnownFileType = sourcecode.swift; path = AppDelegate.swift; sourceTree = "<group>"; };
		1A4B2F321B56C513007F67CC /* CollectionViewController.swift */ = {isa = PBXFileReference; lastKnownFileType = sourcecode.swift; path = CollectionViewController.swift; sourceTree = "<group>"; };
		1A4B2F371B56C513007F67CC /* Images.xcassets */ = {isa = PBXFileReference; lastKnownFileType = folder.assetcatalog; path = Images.xcassets; sourceTree = "<group>"; };
		1A4B2F3A1B56C513007F67CC /* Base */ = {isa = PBXFileReference; lastKnownFileType = file.xib; name = Base; path = Base.lproj/LaunchScreen.xib; sourceTree = "<group>"; };
		1A4B2F401B56C513007F67CC /* SwiftDemoTests.xctest */ = {isa = PBXFileReference; explicitFileType = wrapper.cfbundle; includeInIndex = 0; path = SwiftDemoTests.xctest; sourceTree = BUILT_PRODUCTS_DIR; };
		1A4B2F451B56C513007F67CC /* Info.plist */ = {isa = PBXFileReference; lastKnownFileType = text.plist.xml; path = Info.plist; sourceTree = "<group>"; };
		1A4B2F461B56C513007F67CC /* SwiftDemoTests.swift */ = {isa = PBXFileReference; lastKnownFileType = sourcecode.swift; path = SwiftDemoTests.swift; sourceTree = "<group>"; };
/* End PBXFileReference section */

/* Begin PBXFrameworksBuildPhase section */
		1A4B2F281B56C513007F67CC /* Frameworks */ = {
			isa = PBXFrameworksBuildPhase;
			buildActionMask = 2147483647;
			files = (
				1A3BEB111B56C602009644C9 /* CSStickyHeaderFlowLayout.framework in Frameworks */,
			);
			runOnlyForDeploymentPostprocessing = 0;
		};
		1A4B2F3D1B56C513007F67CC /* Frameworks */ = {
			isa = PBXFrameworksBuildPhase;
			buildActionMask = 2147483647;
			files = (
			);
			runOnlyForDeploymentPostprocessing = 0;
		};
/* End PBXFrameworksBuildPhase section */

/* Begin PBXGroup section */
		1A4B2F221B56C513007F67CC = {
			isa = PBXGroup;
			children = (
				1A3BEB101B56C602009644C9 /* CSStickyHeaderFlowLayout.framework */,
				1A4B2F2D1B56C513007F67CC /* SwiftDemo */,
				1A4B2F431B56C513007F67CC /* SwiftDemoTests */,
				1A4B2F2C1B56C513007F67CC /* Products */,
			);
			sourceTree = "<group>";
		};
		1A4B2F2C1B56C513007F67CC /* Products */ = {
			isa = PBXGroup;
			children = (
				1A4B2F2B1B56C513007F67CC /* SwiftDemo.app */,
				1A4B2F401B56C513007F67CC /* SwiftDemoTests.xctest */,
			);
			name = Products;
			sourceTree = "<group>";
		};
		1A4B2F2D1B56C513007F67CC /* SwiftDemo */ = {
			isa = PBXGroup;
			children = (
				1A4B2F301B56C513007F67CC /* AppDelegate.swift */,
				1A4B2F321B56C513007F67CC /* CollectionViewController.swift */,
				1A3BEB161B56C8E2009644C9 /* CollectionViewCell.swift */,
				1A3BEB181B56CBE9009644C9 /* CollectionParallaxHeader.swift */,
				1A4229D91B608D74009C66CD /* CollectionViewSectionHeader.swift */,
				1A4B2F371B56C513007F67CC /* Images.xcassets */,
				1A4B2F391B56C513007F67CC /* LaunchScreen.xib */,
				1A4B2F2E1B56C513007F67CC /* Supporting Files */,
				1A3BEB131B56C65F009644C9 /* SwiftDemo-Bridging-Header.h */,
			);
			path = SwiftDemo;
			sourceTree = "<group>";
		};
		1A4B2F2E1B56C513007F67CC /* Supporting Files */ = {
			isa = PBXGroup;
			children = (
				1A4B2F2F1B56C513007F67CC /* Info.plist */,
			);
			name = "Supporting Files";
			sourceTree = "<group>";
		};
		1A4B2F431B56C513007F67CC /* SwiftDemoTests */ = {
			isa = PBXGroup;
			children = (
				1A4B2F461B56C513007F67CC /* SwiftDemoTests.swift */,
				1A4B2F441B56C513007F67CC /* Supporting Files */,
			);
			path = SwiftDemoTests;
			sourceTree = "<group>";
		};
		1A4B2F441B56C513007F67CC /* Supporting Files */ = {
			isa = PBXGroup;
			children = (
				1A4B2F451B56C513007F67CC /* Info.plist */,
			);
			name = "Supporting Files";
			sourceTree = "<group>";
		};
/* End PBXGroup section */

/* Begin PBXNativeTarget section */
		1A4B2F2A1B56C513007F67CC /* SwiftDemo */ = {
			isa = PBXNativeTarget;
			buildConfigurationList = 1A4B2F4A1B56C513007F67CC /* Build configuration list for PBXNativeTarget "SwiftDemo" */;
			buildPhases = (
				1A4B2F271B56C513007F67CC /* Sources */,
				1A4B2F281B56C513007F67CC /* Frameworks */,
				1A4B2F291B56C513007F67CC /* Resources */,
			);
			buildRules = (
			);
			dependencies = (
			);
			name = SwiftDemo;
			productName = SwiftDemo;
			productReference = 1A4B2F2B1B56C513007F67CC /* SwiftDemo.app */;
			productType = "com.apple.product-type.application";
		};
		1A4B2F3F1B56C513007F67CC /* SwiftDemoTests */ = {
			isa = PBXNativeTarget;
			buildConfigurationList = 1A4B2F4D1B56C513007F67CC /* Build configuration list for PBXNativeTarget "SwiftDemoTests" */;
			buildPhases = (
				1A4B2F3C1B56C513007F67CC /* Sources */,
				1A4B2F3D1B56C513007F67CC /* Frameworks */,
				1A4B2F3E1B56C513007F67CC /* Resources */,
			);
			buildRules = (
			);
			dependencies = (
				1A4B2F421B56C513007F67CC /* PBXTargetDependency */,
			);
			name = SwiftDemoTests;
			productName = SwiftDemoTests;
			productReference = 1A4B2F401B56C513007F67CC /* SwiftDemoTests.xctest */;
			productType = "com.apple.product-type.bundle.unit-test";
		};
/* End PBXNativeTarget section */

/* Begin PBXProject section */
		1A4B2F231B56C513007F67CC /* Project object */ = {
			isa = PBXProject;
			attributes = {
				LastSwiftUpdateCheck = 0700;
				LastUpgradeCheck = 0630;
				ORGANIZATIONNAME = "James Tang";
				TargetAttributes = {
					1A4B2F2A1B56C513007F67CC = {
						CreatedOnToolsVersion = 6.3.1;
					};
					1A4B2F3F1B56C513007F67CC = {
						CreatedOnToolsVersion = 6.3.1;
						TestTargetID = 1A4B2F2A1B56C513007F67CC;
					};
				};
			};
			buildConfigurationList = 1A4B2F261B56C513007F67CC /* Build configuration list for PBXProject "SwiftDemo" */;
			compatibilityVersion = "Xcode 3.2";
			developmentRegion = English;
			hasScannedForEncodings = 0;
			knownRegions = (
				en,
				Base,
			);
			mainGroup = 1A4B2F221B56C513007F67CC;
			productRefGroup = 1A4B2F2C1B56C513007F67CC /* Products */;
			projectDirPath = "";
			projectRoot = "";
			targets = (
				1A4B2F2A1B56C513007F67CC /* SwiftDemo */,
				1A4B2F3F1B56C513007F67CC /* SwiftDemoTests */,
			);
		};
/* End PBXProject section */

/* Begin PBXResourcesBuildPhase section */
		1A4B2F291B56C513007F67CC /* Resources */ = {
			isa = PBXResourcesBuildPhase;
			buildActionMask = 2147483647;
			files = (
				1A4B2F3B1B56C513007F67CC /* LaunchScreen.xib in Resources */,
				1A4B2F381B56C513007F67CC /* Images.xcassets in Resources */,
			);
			runOnlyForDeploymentPostprocessing = 0;
		};
		1A4B2F3E1B56C513007F67CC /* Resources */ = {
			isa = PBXResourcesBuildPhase;
			buildActionMask = 2147483647;
			files = (
			);
			runOnlyForDeploymentPostprocessing = 0;
		};
/* End PBXResourcesBuildPhase section */

/* Begin PBXSourcesBuildPhase section */
		1A4B2F271B56C513007F67CC /* Sources */ = {
			isa = PBXSourcesBuildPhase;
			buildActionMask = 2147483647;
			files = (
				1A4229DA1B608D74009C66CD /* CollectionViewSectionHeader.swift in Sources */,
				1A4B2F331B56C513007F67CC /* CollectionViewController.swift in Sources */,
				1A4B2F311B56C513007F67CC /* AppDelegate.swift in Sources */,
				1A3BEB171B56C8E2009644C9 /* CollectionViewCell.swift in Sources */,
				1A3BEB191B56CBE9009644C9 /* CollectionParallaxHeader.swift in Sources */,
			);
			runOnlyForDeploymentPostprocessing = 0;
		};
		1A4B2F3C1B56C513007F67CC /* Sources */ = {
			isa = PBXSourcesBuildPhase;
			buildActionMask = 2147483647;
			files = (
				1A4B2F471B56C513007F67CC /* SwiftDemoTests.swift in Sources */,
			);
			runOnlyForDeploymentPostprocessing = 0;
		};
/* End PBXSourcesBuildPhase section */

/* Begin PBXTargetDependency section */
		1A4B2F421B56C513007F67CC /* PBXTargetDependency */ = {
			isa = PBXTargetDependency;
			target = 1A4B2F2A1B56C513007F67CC /* SwiftDemo */;
			targetProxy = 1A4B2F411B56C513007F67CC /* PBXContainerItemProxy */;
		};
/* End PBXTargetDependency section */

/* Begin PBXVariantGroup section */
		1A4B2F391B56C513007F67CC /* LaunchScreen.xib */ = {
			isa = PBXVariantGroup;
			children = (
				1A4B2F3A1B56C513007F67CC /* Base */,
			);
			name = LaunchScreen.xib;
			sourceTree = "<group>";
		};
/* End PBXVariantGroup section */

/* Begin XCBuildConfiguration section */
		1A4B2F481B56C513007F67CC /* Debug */ = {
			isa = XCBuildConfiguration;
			buildSettings = {
				ALWAYS_SEARCH_USER_PATHS = NO;
				CLANG_CXX_LANGUAGE_STANDARD = "gnu++0x";
				CLANG_CXX_LIBRARY = "libc++";
				CLANG_ENABLE_MODULES = YES;
				CLANG_ENABLE_OBJC_ARC = YES;
				CLANG_WARN_BOOL_CONVERSION = YES;
				CLANG_WARN_CONSTANT_CONVERSION = YES;
				CLANG_WARN_DIRECT_OBJC_ISA_USAGE = YES_ERROR;
				CLANG_WARN_EMPTY_BODY = YES;
				CLANG_WARN_ENUM_CONVERSION = YES;
				CLANG_WARN_INT_CONVERSION = YES;
				CLANG_WARN_OBJC_ROOT_CLASS = YES_ERROR;
				CLANG_WARN_UNREACHABLE_CODE = YES;
				CLANG_WARN__DUPLICATE_METHOD_MATCH = YES;
				"CODE_SIGN_IDENTITY[sdk=iphoneos*]" = "iPhone Developer";
				COPY_PHASE_STRIP = NO;
				DEBUG_INFORMATION_FORMAT = "dwarf-with-dsym";
				ENABLE_STRICT_OBJC_MSGSEND = YES;
				GCC_C_LANGUAGE_STANDARD = gnu99;
				GCC_DYNAMIC_NO_PIC = NO;
				GCC_NO_COMMON_BLOCKS = YES;
				GCC_OPTIMIZATION_LEVEL = 0;
				GCC_PREPROCESSOR_DEFINITIONS = (
					"DEBUG=1",
					"$(inherited)",
				);
				GCC_SYMBOLS_PRIVATE_EXTERN = NO;
				GCC_WARN_64_TO_32_BIT_CONVERSION = YES;
				GCC_WARN_ABOUT_RETURN_TYPE = YES_ERROR;
				GCC_WARN_UNDECLARED_SELECTOR = YES;
				GCC_WARN_UNINITIALIZED_AUTOS = YES_AGGRESSIVE;
				GCC_WARN_UNUSED_FUNCTION = YES;
				GCC_WARN_UNUSED_VARIABLE = YES;
				IPHONEOS_DEPLOYMENT_TARGET = 8.3;
				MTL_ENABLE_DEBUG_INFO = YES;
				ONLY_ACTIVE_ARCH = YES;
				SDKROOT = iphoneos;
				SWIFT_OPTIMIZATION_LEVEL = "-Onone";
			};
			name = Debug;
		};
		1A4B2F491B56C513007F67CC /* Release */ = {
			isa = XCBuildConfiguration;
			buildSettings = {
				ALWAYS_SEARCH_USER_PATHS = NO;
				CLANG_CXX_LANGUAGE_STANDARD = "gnu++0x";
				CLANG_CXX_LIBRARY = "libc++";
				CLANG_ENABLE_MODULES = YES;
				CLANG_ENABLE_OBJC_ARC = YES;
				CLANG_WARN_BOOL_CONVERSION = YES;
				CLANG_WARN_CONSTANT_CONVERSION = YES;
				CLANG_WARN_DIRECT_OBJC_ISA_USAGE = YES_ERROR;
				CLANG_WARN_EMPTY_BODY = YES;
				CLANG_WARN_ENUM_CONVERSION = YES;
				CLANG_WARN_INT_CONVERSION = YES;
				CLANG_WARN_OBJC_ROOT_CLASS = YES_ERROR;
				CLANG_WARN_UNREACHABLE_CODE = YES;
				CLANG_WARN__DUPLICATE_METHOD_MATCH = YES;
				"CODE_SIGN_IDENTITY[sdk=iphoneos*]" = "iPhone Developer";
				COPY_PHASE_STRIP = NO;
				DEBUG_INFORMATION_FORMAT = "dwarf-with-dsym";
				ENABLE_NS_ASSERTIONS = NO;
				ENABLE_STRICT_OBJC_MSGSEND = YES;
				GCC_C_LANGUAGE_STANDARD = gnu99;
				GCC_NO_COMMON_BLOCKS = YES;
				GCC_WARN_64_TO_32_BIT_CONVERSION = YES;
				GCC_WARN_ABOUT_RETURN_TYPE = YES_ERROR;
				GCC_WARN_UNDECLARED_SELECTOR = YES;
				GCC_WARN_UNINITIALIZED_AUTOS = YES_AGGRESSIVE;
				GCC_WARN_UNUSED_FUNCTION = YES;
				GCC_WARN_UNUSED_VARIABLE = YES;
				IPHONEOS_DEPLOYMENT_TARGET = 8.3;
				MTL_ENABLE_DEBUG_INFO = NO;
				SDKROOT = iphoneos;
				VALIDATE_PRODUCT = YES;
			};
			name = Release;
		};
		1A4B2F4B1B56C513007F67CC /* Debug */ = {
			isa = XCBuildConfiguration;
			buildSettings = {
				ASSETCATALOG_COMPILER_APPICON_NAME = AppIcon;
				CLANG_ENABLE_MODULES = YES;
				INFOPLIST_FILE = SwiftDemo/Info.plist;
				LD_RUNPATH_SEARCH_PATHS = "$(inherited) @executable_path/Frameworks";
				PRODUCT_NAME = "$(TARGET_NAME)";
				SWIFT_OBJC_BRIDGING_HEADER = "SwiftDemo/SwiftDemo-Bridging-Header.h";
				SWIFT_OPTIMIZATION_LEVEL = "-Onone";
			};
			name = Debug;
		};
		1A4B2F4C1B56C513007F67CC /* Release */ = {
			isa = XCBuildConfiguration;
			buildSettings = {
				ASSETCATALOG_COMPILER_APPICON_NAME = AppIcon;
				CLANG_ENABLE_MODULES = YES;
				INFOPLIST_FILE = SwiftDemo/Info.plist;
				LD_RUNPATH_SEARCH_PATHS = "$(inherited) @executable_path/Frameworks";
				PRODUCT_NAME = "$(TARGET_NAME)";
				SWIFT_OBJC_BRIDGING_HEADER = "SwiftDemo/SwiftDemo-Bridging-Header.h";
			};
			name = Release;
		};
		1A4B2F4E1B56C513007F67CC /* Debug */ = {
			isa = XCBuildConfiguration;
			buildSettings = {
				BUNDLE_LOADER = "$(TEST_HOST)";
				FRAMEWORK_SEARCH_PATHS = (
					"$(SDKROOT)/Developer/Library/Frameworks",
					"$(inherited)",
				);
				GCC_PREPROCESSOR_DEFINITIONS = (
					"DEBUG=1",
					"$(inherited)",
				);
				INFOPLIST_FILE = SwiftDemoTests/Info.plist;
				LD_RUNPATH_SEARCH_PATHS = "$(inherited) @executable_path/Frameworks @loader_path/Frameworks";
				PRODUCT_NAME = "$(TARGET_NAME)";
				TEST_HOST = "$(BUILT_PRODUCTS_DIR)/SwiftDemo.app/SwiftDemo";
			};
			name = Debug;
		};
		1A4B2F4F1B56C513007F67CC /* Release */ = {
			isa = XCBuildConfiguration;
			buildSettings = {
				BUNDLE_LOADER = "$(TEST_HOST)";
				FRAMEWORK_SEARCH_PATHS = (
					"$(SDKROOT)/Developer/Library/Frameworks",
					"$(inherited)",
				);
				INFOPLIST_FILE = SwiftDemoTests/Info.plist;
				LD_RUNPATH_SEARCH_PATHS = "$(inherited) @executable_path/Frameworks @loader_path/Frameworks";
				PRODUCT_NAME = "$(TARGET_NAME)";
				TEST_HOST = "$(BUILT_PRODUCTS_DIR)/SwiftDemo.app/SwiftDemo";
			};
			name = Release;
		};
/* End XCBuildConfiguration section */

/* Begin XCConfigurationList section */
		1A4B2F261B56C513007F67CC /* Build configuration list for PBXProject "SwiftDemo" */ = {
			isa = XCConfigurationList;
			buildConfigurations = (
				1A4B2F481B56C513007F67CC /* Debug */,
				1A4B2F491B56C513007F67CC /* Release */,
			);
			defaultConfigurationIsVisible = 0;
			defaultConfigurationName = Release;
		};
		1A4B2F4A1B56C513007F67CC /* Build configuration list for PBXNativeTarget "SwiftDemo" */ = {
			isa = XCConfigurationList;
			buildConfigurations = (
				1A4B2F4B1B56C513007F67CC /* Debug */,
				1A4B2F4C1B56C513007F67CC /* Release */,
			);
			defaultConfigurationIsVisible = 0;
			defaultConfigurationName = Release;
		};
		1A4B2F4D1B56C513007F67CC /* Build configuration list for PBXNativeTarget "SwiftDemoTests" */ = {
			isa = XCConfigurationList;
			buildConfigurations = (
				1A4B2F4E1B56C513007F67CC /* Debug */,
				1A4B2F4F1B56C513007F67CC /* Release */,
			);
			defaultConfigurationIsVisible = 0;
			defaultConfigurationName = Release;
		};
/* End XCConfigurationList section */
	};
	rootObject = 1A4B2F231B56C513007F67CC /* Project object */;
}
