PODS:
  - CSStickyHeaderFlowLayout (0.1.1)

DEPENDENCIES:
  - CSStickyHeaderFlowLayout (from `../CSStickyHeaderFlowLayout.podspec`)

EXTERNAL SOURCES:
  CSStickyHeaderFlowLayout:
    :path: ../CSStickyHeaderFlowLayout.podspec

SPEC CHECKSUMS:
  CSStickyHeaderFlowLayout: a8ae07daf418c37b8716e2c69f4570648ea784b8

COCOAPODS: 0.32.1
