PODS:
  - CSStickyHeaderFlowLayout (0.2.11)

DEPENDENCIES:
  - CSStickyHeaderFlowLayout (from `../`)

EXTERNAL SOURCES:
  CSStickyHeaderFlowLayout:
    :path: "../"

SPEC CHECKSUMS:
  CSStickyHeaderFlowLayout: 835d734b40e45460a4a72d3f2ca06dcdcd4f0dad

PODFILE CHECKSUM: a352297494e8941361f57449bc7baadf12de1844

COCOAPODS: 1.0.1
