// !$*UTF8*$!
{
	archiveVersion = 1;
	classes = {
	};
	objectVersion = 46;
	objects = {

/* Begin PBXBuildFile section */
		1A0117F418AD036800AC836F /* CSGrowHeaderViewController.m in Sources */ = {isa = PBXBuildFile; fileRef = 1A0117F318AD036800AC836F /* CSGrowHeaderViewController.m */; };
		1A0117F618AD037D00AC836F /* CSGrowHeader.xib in Resources */ = {isa = PBXBuildFile; fileRef = 1A0117F518AD037D00AC836F /* CSGrowHeader.xib */; };
		1A0231F319EF75D200D3CBCB /* Launch.storyboard in Resources */ = {isa = PBXBuildFile; fileRef = 1A0231F219EF75D200D3CBCB /* Launch.storyboard */; };
		1A0BCA211A80B25D005D9F7C /* CSSectionHeader.m in Sources */ = {isa = PBXBuildFile; fileRef = 1A0BCA201A80B25D005D9F7C /* CSSectionHeader.m */; };
		1A14657818F13832003B643B /* CSStickyParallaxHeaderViewController.m in Sources */ = {isa = PBXBuildFile; fileRef = 1A14657718F13832003B643B /* CSStickyParallaxHeaderViewController.m */; };
		1A18AE5518F18764003DC8CF /* CSAlwaysOnTopHeader.xib in Resources */ = {isa = PBXBuildFile; fileRef = 1A18AE5418F18764003DC8CF /* CSAlwaysOnTopHeader.xib */; };
		1A18AE5818F1947B003DC8CF /* CSAlwaysOnTopHeader.m in Sources */ = {isa = PBXBuildFile; fileRef = 1A18AE5718F1947B003DC8CF /* CSAlwaysOnTopHeader.m */; };
		1A4B2F601B56C539007F67CC /* CSStickyHeaderFlowLayout.framework in Frameworks */ = {isa = PBXBuildFile; fileRef = 1A4B2F551B56C539007F67CC /* CSStickyHeaderFlowLayout.framework */; };
		1A4B2F691B56C539007F67CC /* CSStickyHeaderFlowLayoutTests.swift in Sources */ = {isa = PBXBuildFile; fileRef = 1A4B2F681B56C539007F67CC /* CSStickyHeaderFlowLayoutTests.swift */; };
		1A4B2F791B56C5A6007F67CC /* CSStickyHeaderFlowLayout.h in Headers */ = {isa = PBXBuildFile; fileRef = 1A4B2F751B56C5A6007F67CC /* CSStickyHeaderFlowLayout.h */; settings = {ATTRIBUTES = (Public, ); }; };
		1A4B2F7A1B56C5A6007F67CC /* CSStickyHeaderFlowLayout.m in Sources */ = {isa = PBXBuildFile; fileRef = 1A4B2F761B56C5A6007F67CC /* CSStickyHeaderFlowLayout.m */; };
		1A4B2F7B1B56C5A6007F67CC /* CSStickyHeaderFlowLayoutAttributes.h in Headers */ = {isa = PBXBuildFile; fileRef = 1A4B2F771B56C5A6007F67CC /* CSStickyHeaderFlowLayoutAttributes.h */; settings = {ATTRIBUTES = (Public, ); }; };
		1A4B2F7C1B56C5A6007F67CC /* CSStickyHeaderFlowLayoutAttributes.m in Sources */ = {isa = PBXBuildFile; fileRef = 1A4B2F781B56C5A6007F67CC /* CSStickyHeaderFlowLayoutAttributes.m */; };
		1AC0D88518AA38380072B3F1 /* CSParallaxHeader.xib in Resources */ = {isa = PBXBuildFile; fileRef = 1AC0D88418AA38380072B3F1 /* CSParallaxHeader.xib */; };
		1AC0D88718AA39B50072B3F1 /* MapKit.framework in Frameworks */ = {isa = PBXBuildFile; fileRef = 1AC0D88618AA39B50072B3F1 /* MapKit.framework */; };
		1AC0D88918AA3AF80072B3F1 /* CSSearchBarHeader.xib in Resources */ = {isa = PBXBuildFile; fileRef = 1AC0D88818AA3AF80072B3F1 /* CSSearchBarHeader.xib */; };
		1AC0D88C18AA3B300072B3F1 /* CSLockedHeaderViewController.m in Sources */ = {isa = PBXBuildFile; fileRef = 1AC0D88B18AA3B300072B3F1 /* CSLockedHeaderViewController.m */; };
		1AC67D171B5AC27F0091AFCD /* MyPulling.m in Sources */ = {isa = PBXBuildFile; fileRef = 1AC67D161B5AC27F0091AFCD /* MyPulling.m */; };
		1AFE0956187D677000CA880A /* Foundation.framework in Frameworks */ = {isa = PBXBuildFile; fileRef = 1AFE0955187D677000CA880A /* Foundation.framework */; };
		1AFE0958187D677000CA880A /* CoreGraphics.framework in Frameworks */ = {isa = PBXBuildFile; fileRef = 1AFE0957187D677000CA880A /* CoreGraphics.framework */; };
		1AFE095A187D677000CA880A /* UIKit.framework in Frameworks */ = {isa = PBXBuildFile; fileRef = 1AFE0959187D677000CA880A /* UIKit.framework */; };
		1AFE0960187D677000CA880A /* InfoPlist.strings in Resources */ = {isa = PBXBuildFile; fileRef = 1AFE095E187D677000CA880A /* InfoPlist.strings */; };
		1AFE0962187D677000CA880A /* main.m in Sources */ = {isa = PBXBuildFile; fileRef = 1AFE0961187D677000CA880A /* main.m */; };
		1AFE0966187D677000CA880A /* AppDelegate.m in Sources */ = {isa = PBXBuildFile; fileRef = 1AFE0965187D677000CA880A /* AppDelegate.m */; };
		1AFE0969187D677000CA880A /* Main.storyboard in Resources */ = {isa = PBXBuildFile; fileRef = 1AFE0967187D677000CA880A /* Main.storyboard */; };
		1AFE096C187D677000CA880A /* CSParallaxHeaderViewController.m in Sources */ = {isa = PBXBuildFile; fileRef = 1AFE096B187D677000CA880A /* CSParallaxHeaderViewController.m */; };
		1AFE096E187D677000CA880A /* Images.xcassets in Resources */ = {isa = PBXBuildFile; fileRef = 1AFE096D187D677000CA880A /* Images.xcassets */; };
		1AFE0975187D677000CA880A /* XCTest.framework in Frameworks */ = {isa = PBXBuildFile; fileRef = 1AFE0974187D677000CA880A /* XCTest.framework */; };
		1AFE0976187D677000CA880A /* Foundation.framework in Frameworks */ = {isa = PBXBuildFile; fileRef = 1AFE0955187D677000CA880A /* Foundation.framework */; };
		1AFE0977187D677000CA880A /* UIKit.framework in Frameworks */ = {isa = PBXBuildFile; fileRef = 1AFE0959187D677000CA880A /* UIKit.framework */; };
		1AFE097F187D677000CA880A /* InfoPlist.strings in Resources */ = {isa = PBXBuildFile; fileRef = 1AFE097D187D677000CA880A /* InfoPlist.strings */; };
		1AFE0981187D677000CA880A /* CSStickyHeaderFlowLayoutDemoTests.m in Sources */ = {isa = PBXBuildFile; fileRef = 1AFE0980187D677000CA880A /* CSStickyHeaderFlowLayoutDemoTests.m */; };
		1AFE0992187D688300CA880A /* CSCell.m in Sources */ = {isa = PBXBuildFile; fileRef = 1AFE0991187D688300CA880A /* CSCell.m */; };
		AF1D0D491D63203300F9FA68 /* CSStickyHeaderFlowLayoutCarthage.h in Headers */ = {isa = PBXBuildFile; fileRef = AF1D0D481D63203300F9FA68 /* CSStickyHeaderFlowLayoutCarthage.h */; settings = {ATTRIBUTES = (Public, ); }; };
		AF1D0D4E1D6320A800F9FA68 /* CSStickyHeaderFlowLayout.m in Sources */ = {isa = PBXBuildFile; fileRef = 1A4B2F761B56C5A6007F67CC /* CSStickyHeaderFlowLayout.m */; };
		AF1D0D4F1D6320A800F9FA68 /* CSStickyHeaderFlowLayoutAttributes.m in Sources */ = {isa = PBXBuildFile; fileRef = 1A4B2F781B56C5A6007F67CC /* CSStickyHeaderFlowLayoutAttributes.m */; };
		AF1D0D501D6320B100F9FA68 /* CSStickyHeaderFlowLayout.h in Headers */ = {isa = PBXBuildFile; fileRef = 1A4B2F751B56C5A6007F67CC /* CSStickyHeaderFlowLayout.h */; settings = {ATTRIBUTES = (Public, ); }; };
		AF1D0D511D6320B100F9FA68 /* CSStickyHeaderFlowLayoutAttributes.h in Headers */ = {isa = PBXBuildFile; fileRef = 1A4B2F771B56C5A6007F67CC /* CSStickyHeaderFlowLayoutAttributes.h */; settings = {ATTRIBUTES = (Public, ); }; };
		B36BC395070946668DCF2AFF /* libPods.a in Frameworks */ = {isa = PBXBuildFile; fileRef = 491370024AF54DD8BFB773DA /* libPods.a */; };
/* End PBXBuildFile section */

/* Begin PBXContainerItemProxy section */
		1A4B2F611B56C539007F67CC /* PBXContainerItemProxy */ = {
			isa = PBXContainerItemProxy;
			containerPortal = 1AFE094A187D677000CA880A /* Project object */;
			proxyType = 1;
			remoteGlobalIDString = 1A4B2F541B56C539007F67CC;
			remoteInfo = CSStickyHeaderFlowLayout;
		};
		1A4B2F631B56C539007F67CC /* PBXContainerItemProxy */ = {
			isa = PBXContainerItemProxy;
			containerPortal = 1AFE094A187D677000CA880A /* Project object */;
			proxyType = 1;
			remoteGlobalIDString = 1AFE0951187D677000CA880A;
			remoteInfo = CSStickyHeaderFlowLayoutDemo;
		};
		1AFE0978187D677000CA880A /* PBXContainerItemProxy */ = {
			isa = PBXContainerItemProxy;
			containerPortal = 1AFE094A187D677000CA880A /* Project object */;
			proxyType = 1;
			remoteGlobalIDString = 1AFE0951187D677000CA880A;
			remoteInfo = CSStickyHeaderFlowLayoutDemo;
		};
/* End PBXContainerItemProxy section */

/* Begin PBXCopyFilesBuildPhase section */
		1A4B2F6D1B56C539007F67CC /* Embed Frameworks */ = {
			isa = PBXCopyFilesBuildPhase;
			buildActionMask = 2147483647;
			dstPath = "";
			dstSubfolderSpec = 10;
			files = (
			);
			name = "Embed Frameworks";
			runOnlyForDeploymentPostprocessing = 0;
		};
/* End PBXCopyFilesBuildPhase section */

/* Begin PBXFileReference section */
		1A0117F218AD036800AC836F /* CSGrowHeaderViewController.h */ = {isa = PBXFileReference; fileEncoding = 4; lastKnownFileType = sourcecode.c.h; path = CSGrowHeaderViewController.h; sourceTree = "<group>"; };
		1A0117F318AD036800AC836F /* CSGrowHeaderViewController.m */ = {isa = PBXFileReference; fileEncoding = 4; lastKnownFileType = sourcecode.c.objc; path = CSGrowHeaderViewController.m; sourceTree = "<group>"; };
		1A0117F518AD037D00AC836F /* CSGrowHeader.xib */ = {isa = PBXFileReference; fileEncoding = 4; lastKnownFileType = file.xib; path = CSGrowHeader.xib; sourceTree = "<group>"; };
		1A0231F219EF75D200D3CBCB /* Launch.storyboard */ = {isa = PBXFileReference; fileEncoding = 4; lastKnownFileType = file.storyboard; path = Launch.storyboard; sourceTree = "<group>"; };
		1A0BCA1F1A80B25D005D9F7C /* CSSectionHeader.h */ = {isa = PBXFileReference; fileEncoding = 4; lastKnownFileType = sourcecode.c.h; path = CSSectionHeader.h; sourceTree = "<group>"; };
		1A0BCA201A80B25D005D9F7C /* CSSectionHeader.m */ = {isa = PBXFileReference; fileEncoding = 4; lastKnownFileType = sourcecode.c.objc; path = CSSectionHeader.m; sourceTree = "<group>"; };
		1A14657618F13832003B643B /* CSStickyParallaxHeaderViewController.h */ = {isa = PBXFileReference; fileEncoding = 4; lastKnownFileType = sourcecode.c.h; path = CSStickyParallaxHeaderViewController.h; sourceTree = "<group>"; };
		1A14657718F13832003B643B /* CSStickyParallaxHeaderViewController.m */ = {isa = PBXFileReference; fileEncoding = 4; lastKnownFileType = sourcecode.c.objc; path = CSStickyParallaxHeaderViewController.m; sourceTree = "<group>"; };
		1A18AE5418F18764003DC8CF /* CSAlwaysOnTopHeader.xib */ = {isa = PBXFileReference; fileEncoding = 4; lastKnownFileType = file.xib; path = CSAlwaysOnTopHeader.xib; sourceTree = "<group>"; };
		1A18AE5618F1947B003DC8CF /* CSAlwaysOnTopHeader.h */ = {isa = PBXFileReference; fileEncoding = 4; lastKnownFileType = sourcecode.c.h; path = CSAlwaysOnTopHeader.h; sourceTree = "<group>"; };
		1A18AE5718F1947B003DC8CF /* CSAlwaysOnTopHeader.m */ = {isa = PBXFileReference; fileEncoding = 4; lastKnownFileType = sourcecode.c.objc; path = CSAlwaysOnTopHeader.m; sourceTree = "<group>"; };
		1A4B2F551B56C539007F67CC /* CSStickyHeaderFlowLayout.framework */ = {isa = PBXFileReference; explicitFileType = wrapper.framework; includeInIndex = 0; path = CSStickyHeaderFlowLayout.framework; sourceTree = BUILT_PRODUCTS_DIR; };
		1A4B2F581B56C539007F67CC /* Info.plist */ = {isa = PBXFileReference; lastKnownFileType = text.plist.xml; path = Info.plist; sourceTree = "<group>"; };
		1A4B2F5F1B56C539007F67CC /* CSStickyHeaderFlowLayoutTests.xctest */ = {isa = PBXFileReference; explicitFileType = wrapper.cfbundle; includeInIndex = 0; path = CSStickyHeaderFlowLayoutTests.xctest; sourceTree = BUILT_PRODUCTS_DIR; };
		1A4B2F671B56C539007F67CC /* Info.plist */ = {isa = PBXFileReference; lastKnownFileType = text.plist.xml; path = Info.plist; sourceTree = "<group>"; };
		1A4B2F681B56C539007F67CC /* CSStickyHeaderFlowLayoutTests.swift */ = {isa = PBXFileReference; lastKnownFileType = sourcecode.swift; path = CSStickyHeaderFlowLayoutTests.swift; sourceTree = "<group>"; };
		1A4B2F751B56C5A6007F67CC /* CSStickyHeaderFlowLayout.h */ = {isa = PBXFileReference; fileEncoding = 4; lastKnownFileType = sourcecode.c.h; name = CSStickyHeaderFlowLayout.h; path = ../../Classes/CSStickyHeaderFlowLayout.h; sourceTree = "<group>"; };
		1A4B2F761B56C5A6007F67CC /* CSStickyHeaderFlowLayout.m */ = {isa = PBXFileReference; fileEncoding = 4; lastKnownFileType = sourcecode.c.objc; name = CSStickyHeaderFlowLayout.m; path = ../../Classes/CSStickyHeaderFlowLayout.m; sourceTree = "<group>"; };
		1A4B2F771B56C5A6007F67CC /* CSStickyHeaderFlowLayoutAttributes.h */ = {isa = PBXFileReference; fileEncoding = 4; lastKnownFileType = sourcecode.c.h; name = CSStickyHeaderFlowLayoutAttributes.h; path = ../../Classes/CSStickyHeaderFlowLayoutAttributes.h; sourceTree = "<group>"; };
		1A4B2F781B56C5A6007F67CC /* CSStickyHeaderFlowLayoutAttributes.m */ = {isa = PBXFileReference; fileEncoding = 4; lastKnownFileType = sourcecode.c.objc; name = CSStickyHeaderFlowLayoutAttributes.m; path = ../../Classes/CSStickyHeaderFlowLayoutAttributes.m; sourceTree = "<group>"; };
		1AC0D88418AA38380072B3F1 /* CSParallaxHeader.xib */ = {isa = PBXFileReference; fileEncoding = 4; lastKnownFileType = file.xib; path = CSParallaxHeader.xib; sourceTree = "<group>"; };
		1AC0D88618AA39B50072B3F1 /* MapKit.framework */ = {isa = PBXFileReference; lastKnownFileType = wrapper.framework; name = MapKit.framework; path = System/Library/Frameworks/MapKit.framework; sourceTree = SDKROOT; };
		1AC0D88818AA3AF80072B3F1 /* CSSearchBarHeader.xib */ = {isa = PBXFileReference; fileEncoding = 4; lastKnownFileType = file.xib; path = CSSearchBarHeader.xib; sourceTree = "<group>"; };
		1AC0D88A18AA3B300072B3F1 /* CSLockedHeaderViewController.h */ = {isa = PBXFileReference; fileEncoding = 4; lastKnownFileType = sourcecode.c.h; path = CSLockedHeaderViewController.h; sourceTree = "<group>"; };
		1AC0D88B18AA3B300072B3F1 /* CSLockedHeaderViewController.m */ = {isa = PBXFileReference; fileEncoding = 4; lastKnownFileType = sourcecode.c.objc; path = CSLockedHeaderViewController.m; sourceTree = "<group>"; };
		1AC67D151B5AC27F0091AFCD /* MyPulling.h */ = {isa = PBXFileReference; fileEncoding = 4; lastKnownFileType = sourcecode.c.h; path = MyPulling.h; sourceTree = "<group>"; };
		1AC67D161B5AC27F0091AFCD /* MyPulling.m */ = {isa = PBXFileReference; fileEncoding = 4; lastKnownFileType = sourcecode.c.objc; path = MyPulling.m; sourceTree = "<group>"; };
		1AFE0952187D677000CA880A /* CSStickyHeaderFlowLayoutDemo.app */ = {isa = PBXFileReference; explicitFileType = wrapper.application; includeInIndex = 0; path = CSStickyHeaderFlowLayoutDemo.app; sourceTree = BUILT_PRODUCTS_DIR; };
		1AFE0955187D677000CA880A /* Foundation.framework */ = {isa = PBXFileReference; lastKnownFileType = wrapper.framework; name = Foundation.framework; path = System/Library/Frameworks/Foundation.framework; sourceTree = SDKROOT; };
		1AFE0957187D677000CA880A /* CoreGraphics.framework */ = {isa = PBXFileReference; lastKnownFileType = wrapper.framework; name = CoreGraphics.framework; path = System/Library/Frameworks/CoreGraphics.framework; sourceTree = SDKROOT; };
		1AFE0959187D677000CA880A /* UIKit.framework */ = {isa = PBXFileReference; lastKnownFileType = wrapper.framework; name = UIKit.framework; path = System/Library/Frameworks/UIKit.framework; sourceTree = SDKROOT; };
		1AFE095D187D677000CA880A /* CSStickyHeaderFlowLayoutDemo-Info.plist */ = {isa = PBXFileReference; lastKnownFileType = text.plist.xml; path = "CSStickyHeaderFlowLayoutDemo-Info.plist"; sourceTree = "<group>"; };
		1AFE095F187D677000CA880A /* en */ = {isa = PBXFileReference; lastKnownFileType = text.plist.strings; name = en; path = en.lproj/InfoPlist.strings; sourceTree = "<group>"; };
		1AFE0961187D677000CA880A /* main.m */ = {isa = PBXFileReference; lastKnownFileType = sourcecode.c.objc; path = main.m; sourceTree = "<group>"; };
		1AFE0963187D677000CA880A /* CSStickyHeaderFlowLayoutDemo-Prefix.pch */ = {isa = PBXFileReference; lastKnownFileType = sourcecode.c.h; path = "CSStickyHeaderFlowLayoutDemo-Prefix.pch"; sourceTree = "<group>"; };
		1AFE0964187D677000CA880A /* AppDelegate.h */ = {isa = PBXFileReference; lastKnownFileType = sourcecode.c.h; path = AppDelegate.h; sourceTree = "<group>"; };
		1AFE0965187D677000CA880A /* AppDelegate.m */ = {isa = PBXFileReference; lastKnownFileType = sourcecode.c.objc; path = AppDelegate.m; sourceTree = "<group>"; };
		1AFE0968187D677000CA880A /* Base */ = {isa = PBXFileReference; lastKnownFileType = file.storyboard; name = Base; path = Base.lproj/Main.storyboard; sourceTree = "<group>"; };
		1AFE096A187D677000CA880A /* CSParallaxHeaderViewController.h */ = {isa = PBXFileReference; lastKnownFileType = sourcecode.c.h; path = CSParallaxHeaderViewController.h; sourceTree = "<group>"; };
		1AFE096B187D677000CA880A /* CSParallaxHeaderViewController.m */ = {isa = PBXFileReference; lastKnownFileType = sourcecode.c.objc; path = CSParallaxHeaderViewController.m; sourceTree = "<group>"; };
		1AFE096D187D677000CA880A /* Images.xcassets */ = {isa = PBXFileReference; lastKnownFileType = folder.assetcatalog; path = Images.xcassets; sourceTree = "<group>"; };
		1AFE0973187D677000CA880A /* CSStickyHeaderFlowLayoutDemoTests.xctest */ = {isa = PBXFileReference; explicitFileType = wrapper.cfbundle; includeInIndex = 0; path = CSStickyHeaderFlowLayoutDemoTests.xctest; sourceTree = BUILT_PRODUCTS_DIR; };
		1AFE0974187D677000CA880A /* XCTest.framework */ = {isa = PBXFileReference; lastKnownFileType = wrapper.framework; name = XCTest.framework; path = Library/Frameworks/XCTest.framework; sourceTree = DEVELOPER_DIR; };
		1AFE097C187D677000CA880A /* CSStickyHeaderFlowLayoutDemoTests-Info.plist */ = {isa = PBXFileReference; lastKnownFileType = text.plist.xml; path = "CSStickyHeaderFlowLayoutDemoTests-Info.plist"; sourceTree = "<group>"; };
		1AFE097E187D677000CA880A /* en */ = {isa = PBXFileReference; lastKnownFileType = text.plist.strings; name = en; path = en.lproj/InfoPlist.strings; sourceTree = "<group>"; };
		1AFE0980187D677000CA880A /* CSStickyHeaderFlowLayoutDemoTests.m */ = {isa = PBXFileReference; lastKnownFileType = sourcecode.c.objc; path = CSStickyHeaderFlowLayoutDemoTests.m; sourceTree = "<group>"; };
		1AFE0990187D688300CA880A /* CSCell.h */ = {isa = PBXFileReference; fileEncoding = 4; lastKnownFileType = sourcecode.c.h; path = CSCell.h; sourceTree = "<group>"; };
		1AFE0991187D688300CA880A /* CSCell.m */ = {isa = PBXFileReference; fileEncoding = 4; lastKnownFileType = sourcecode.c.objc; path = CSCell.m; sourceTree = "<group>"; };
		229ECB0968A8A873A6AEB59D /* Pods.release.xcconfig */ = {isa = PBXFileReference; includeInIndex = 1; lastKnownFileType = text.xcconfig; name = Pods.release.xcconfig; path = "Pods/Target Support Files/Pods/Pods.release.xcconfig"; sourceTree = "<group>"; };
		491370024AF54DD8BFB773DA /* libPods.a */ = {isa = PBXFileReference; explicitFileType = archive.ar; includeInIndex = 0; path = libPods.a; sourceTree = BUILT_PRODUCTS_DIR; };
		58D371C1C7F562AB1D536637 /* Pods.debug.xcconfig */ = {isa = PBXFileReference; includeInIndex = 1; lastKnownFileType = text.xcconfig; name = Pods.debug.xcconfig; path = "Pods/Target Support Files/Pods/Pods.debug.xcconfig"; sourceTree = "<group>"; };
		6BDE4094D41E4DE6515DF055 /* Pods.debug.xcconfig */ = {isa = PBXFileReference; includeInIndex = 1; lastKnownFileType = text.xcconfig; name = Pods.debug.xcconfig; path = "Pods/Target Support Files/Pods/Pods.debug.xcconfig"; sourceTree = "<group>"; };
		AD97E1BDF2B20F6336CBF8D7 /* Pods.release.xcconfig */ = {isa = PBXFileReference; includeInIndex = 1; lastKnownFileType = text.xcconfig; name = Pods.release.xcconfig; path = "Pods/Target Support Files/Pods/Pods.release.xcconfig"; sourceTree = "<group>"; };
		AF1D0D461D63203300F9FA68 /* CSStickyHeaderFlowLayout.framework */ = {isa = PBXFileReference; explicitFileType = wrapper.framework; includeInIndex = 0; path = CSStickyHeaderFlowLayout.framework; sourceTree = BUILT_PRODUCTS_DIR; };
		AF1D0D481D63203300F9FA68 /* CSStickyHeaderFlowLayoutCarthage.h */ = {isa = PBXFileReference; lastKnownFileType = sourcecode.c.h; path = CSStickyHeaderFlowLayoutCarthage.h; sourceTree = "<group>"; };
		AF1D0D4A1D63203300F9FA68 /* Info.plist */ = {isa = PBXFileReference; lastKnownFileType = text.plist.xml; path = Info.plist; sourceTree = "<group>"; };
/* End PBXFileReference section */

/* Begin PBXFrameworksBuildPhase section */
		1A4B2F511B56C539007F67CC /* Frameworks */ = {
			isa = PBXFrameworksBuildPhase;
			buildActionMask = 2147483647;
			files = (
			);
			runOnlyForDeploymentPostprocessing = 0;
		};
		1A4B2F5C1B56C539007F67CC /* Frameworks */ = {
			isa = PBXFrameworksBuildPhase;
			buildActionMask = 2147483647;
			files = (
				1A4B2F601B56C539007F67CC /* CSStickyHeaderFlowLayout.framework in Frameworks */,
			);
			runOnlyForDeploymentPostprocessing = 0;
		};
		1AFE094F187D677000CA880A /* Frameworks */ = {
			isa = PBXFrameworksBuildPhase;
			buildActionMask = 2147483647;
			files = (
				1AC0D88718AA39B50072B3F1 /* MapKit.framework in Frameworks */,
				1AFE0958187D677000CA880A /* CoreGraphics.framework in Frameworks */,
				1AFE095A187D677000CA880A /* UIKit.framework in Frameworks */,
				1AFE0956187D677000CA880A /* Foundation.framework in Frameworks */,
				B36BC395070946668DCF2AFF /* libPods.a in Frameworks */,
			);
			runOnlyForDeploymentPostprocessing = 0;
		};
		1AFE0970187D677000CA880A /* Frameworks */ = {
			isa = PBXFrameworksBuildPhase;
			buildActionMask = 2147483647;
			files = (
				1AFE0975187D677000CA880A /* XCTest.framework in Frameworks */,
				1AFE0977187D677000CA880A /* UIKit.framework in Frameworks */,
				1AFE0976187D677000CA880A /* Foundation.framework in Frameworks */,
			);
			runOnlyForDeploymentPostprocessing = 0;
		};
		AF1D0D421D63203300F9FA68 /* Frameworks */ = {
			isa = PBXFrameworksBuildPhase;
			buildActionMask = 2147483647;
			files = (
			);
			runOnlyForDeploymentPostprocessing = 0;
		};
/* End PBXFrameworksBuildPhase section */

/* Begin PBXGroup section */
		034852391EBFCBDC0011D58A /* Pods */ = {
			isa = PBXGroup;
			children = (
				6BDE4094D41E4DE6515DF055 /* Pods.debug.xcconfig */,
				AD97E1BDF2B20F6336CBF8D7 /* Pods.release.xcconfig */,
			);
			name = Pods;
			path = ..;
			sourceTree = "<group>";
		};
		1A4B2F561B56C539007F67CC /* CSStickyHeaderFlowLayout */ = {
			isa = PBXGroup;
			children = (
				1A4B2F751B56C5A6007F67CC /* CSStickyHeaderFlowLayout.h */,
				1A4B2F761B56C5A6007F67CC /* CSStickyHeaderFlowLayout.m */,
				1A4B2F771B56C5A6007F67CC /* CSStickyHeaderFlowLayoutAttributes.h */,
				1A4B2F781B56C5A6007F67CC /* CSStickyHeaderFlowLayoutAttributes.m */,
				1A4B2F571B56C539007F67CC /* Supporting Files */,
			);
			path = CSStickyHeaderFlowLayout;
			sourceTree = "<group>";
		};
		1A4B2F571B56C539007F67CC /* Supporting Files */ = {
			isa = PBXGroup;
			children = (
				1A4B2F581B56C539007F67CC /* Info.plist */,
			);
			name = "Supporting Files";
			sourceTree = "<group>";
		};
		1A4B2F651B56C539007F67CC /* CSStickyHeaderFlowLayoutTests */ = {
			isa = PBXGroup;
			children = (
				1A4B2F681B56C539007F67CC /* CSStickyHeaderFlowLayoutTests.swift */,
				1A4B2F661B56C539007F67CC /* Supporting Files */,
			);
			path = CSStickyHeaderFlowLayoutTests;
			sourceTree = "<group>";
		};
		1A4B2F661B56C539007F67CC /* Supporting Files */ = {
			isa = PBXGroup;
			children = (
				1A4B2F671B56C539007F67CC /* Info.plist */,
			);
			name = "Supporting Files";
			sourceTree = "<group>";
		};
		1AFE0949187D677000CA880A = {
			isa = PBXGroup;
			children = (
				1AFE095B187D677000CA880A /* CSStickyHeaderFlowLayoutDemo */,
				1AFE097A187D677000CA880A /* CSStickyHeaderFlowLayoutDemoTests */,
				1A4B2F561B56C539007F67CC /* CSStickyHeaderFlowLayout */,
				1A4B2F651B56C539007F67CC /* CSStickyHeaderFlowLayoutTests */,
				AF1D0D471D63203300F9FA68 /* CSStickyHeaderFlowLayoutCarthage */,
				1AFE0954187D677000CA880A /* Frameworks */,
				1AFE0953187D677000CA880A /* Products */,
				9DDE38A70ED787DEBF9A6411 /* Pods */,
			);
			sourceTree = "<group>";
		};
		1AFE0953187D677000CA880A /* Products */ = {
			isa = PBXGroup;
			children = (
				1AFE0952187D677000CA880A /* CSStickyHeaderFlowLayoutDemo.app */,
				1AFE0973187D677000CA880A /* CSStickyHeaderFlowLayoutDemoTests.xctest */,
				1A4B2F551B56C539007F67CC /* CSStickyHeaderFlowLayout.framework */,
				1A4B2F5F1B56C539007F67CC /* CSStickyHeaderFlowLayoutTests.xctest */,
				AF1D0D461D63203300F9FA68 /* CSStickyHeaderFlowLayout.framework */,
			);
			name = Products;
			sourceTree = "<group>";
		};
		1AFE0954187D677000CA880A /* Frameworks */ = {
			isa = PBXGroup;
			children = (
				1AC0D88618AA39B50072B3F1 /* MapKit.framework */,
				1AFE0955187D677000CA880A /* Foundation.framework */,
				1AFE0957187D677000CA880A /* CoreGraphics.framework */,
				1AFE0959187D677000CA880A /* UIKit.framework */,
				1AFE0974187D677000CA880A /* XCTest.framework */,
				491370024AF54DD8BFB773DA /* libPods.a */,
			);
			name = Frameworks;
			sourceTree = "<group>";
		};
		1AFE095B187D677000CA880A /* CSStickyHeaderFlowLayoutDemo */ = {
			isa = PBXGroup;
			children = (
				1AFE0964187D677000CA880A /* AppDelegate.h */,
				1AFE0965187D677000CA880A /* AppDelegate.m */,
				1AFE0967187D677000CA880A /* Main.storyboard */,
				1A0231F219EF75D200D3CBCB /* Launch.storyboard */,
				1AFE098F187D685200CA880A /* Cell */,
				1AFE098A187D67F500CA880A /* ViewControllers */,
				1AFE096D187D677000CA880A /* Images.xcassets */,
				1AFE095C187D677000CA880A /* Supporting Files */,
			);
			path = CSStickyHeaderFlowLayoutDemo;
			sourceTree = "<group>";
		};
		1AFE095C187D677000CA880A /* Supporting Files */ = {
			isa = PBXGroup;
			children = (
				1AFE095D187D677000CA880A /* CSStickyHeaderFlowLayoutDemo-Info.plist */,
				1AFE095E187D677000CA880A /* InfoPlist.strings */,
				1AFE0961187D677000CA880A /* main.m */,
				1AFE0963187D677000CA880A /* CSStickyHeaderFlowLayoutDemo-Prefix.pch */,
			);
			name = "Supporting Files";
			sourceTree = "<group>";
		};
		1AFE097A187D677000CA880A /* CSStickyHeaderFlowLayoutDemoTests */ = {
			isa = PBXGroup;
			children = (
				1AFE0980187D677000CA880A /* CSStickyHeaderFlowLayoutDemoTests.m */,
				1AFE097B187D677000CA880A /* Supporting Files */,
			);
			path = CSStickyHeaderFlowLayoutDemoTests;
			sourceTree = "<group>";
		};
		1AFE097B187D677000CA880A /* Supporting Files */ = {
			isa = PBXGroup;
			children = (
				1AFE097C187D677000CA880A /* CSStickyHeaderFlowLayoutDemoTests-Info.plist */,
				1AFE097D187D677000CA880A /* InfoPlist.strings */,
			);
			name = "Supporting Files";
			sourceTree = "<group>";
		};
		1AFE098A187D67F500CA880A /* ViewControllers */ = {
			isa = PBXGroup;
			children = (
				1AFE096A187D677000CA880A /* CSParallaxHeaderViewController.h */,
				1AFE096B187D677000CA880A /* CSParallaxHeaderViewController.m */,
				1AC0D88A18AA3B300072B3F1 /* CSLockedHeaderViewController.h */,
				1AC0D88B18AA3B300072B3F1 /* CSLockedHeaderViewController.m */,
				1A0117F218AD036800AC836F /* CSGrowHeaderViewController.h */,
				1A0117F318AD036800AC836F /* CSGrowHeaderViewController.m */,
				1A14657618F13832003B643B /* CSStickyParallaxHeaderViewController.h */,
				1A14657718F13832003B643B /* CSStickyParallaxHeaderViewController.m */,
			);
			name = ViewControllers;
			sourceTree = "<group>";
		};
		1AFE098F187D685200CA880A /* Cell */ = {
			isa = PBXGroup;
			children = (
				1AC67D151B5AC27F0091AFCD /* MyPulling.h */,
				1AC67D161B5AC27F0091AFCD /* MyPulling.m */,
				1AFE0990187D688300CA880A /* CSCell.h */,
				1AFE0991187D688300CA880A /* CSCell.m */,
				1A0BCA1F1A80B25D005D9F7C /* CSSectionHeader.h */,
				1A0BCA201A80B25D005D9F7C /* CSSectionHeader.m */,
				1A18AE5618F1947B003DC8CF /* CSAlwaysOnTopHeader.h */,
				034852391EBFCBDC0011D58A /* Pods */,
				1A18AE5718F1947B003DC8CF /* CSAlwaysOnTopHeader.m */,
				1AC0D88418AA38380072B3F1 /* CSParallaxHeader.xib */,
				1AC0D88818AA3AF80072B3F1 /* CSSearchBarHeader.xib */,
				1A0117F518AD037D00AC836F /* CSGrowHeader.xib */,
				1A18AE5418F18764003DC8CF /* CSAlwaysOnTopHeader.xib */,
			);
			name = Cell;
			sourceTree = "<group>";
		};
		9DDE38A70ED787DEBF9A6411 /* Pods */ = {
			isa = PBXGroup;
			children = (
				58D371C1C7F562AB1D536637 /* Pods.debug.xcconfig */,
				229ECB0968A8A873A6AEB59D /* Pods.release.xcconfig */,
			);
			name = Pods;
			sourceTree = "<group>";
		};
		AF1D0D471D63203300F9FA68 /* CSStickyHeaderFlowLayoutCarthage */ = {
			isa = PBXGroup;
			children = (
				AF1D0D481D63203300F9FA68 /* CSStickyHeaderFlowLayoutCarthage.h */,
				AF1D0D4A1D63203300F9FA68 /* Info.plist */,
			);
			path = CSStickyHeaderFlowLayoutCarthage;
			sourceTree = "<group>";
		};
/* End PBXGroup section */

/* Begin PBXHeadersBuildPhase section */
		1A4B2F521B56C539007F67CC /* Headers */ = {
			isa = PBXHeadersBuildPhase;
			buildActionMask = 2147483647;
			files = (
				1A4B2F791B56C5A6007F67CC /* CSStickyHeaderFlowLayout.h in Headers */,
				1A4B2F7B1B56C5A6007F67CC /* CSStickyHeaderFlowLayoutAttributes.h in Headers */,
			);
			runOnlyForDeploymentPostprocessing = 0;
		};
		AF1D0D431D63203300F9FA68 /* Headers */ = {
			isa = PBXHeadersBuildPhase;
			buildActionMask = 2147483647;
			files = (
				AF1D0D501D6320B100F9FA68 /* CSStickyHeaderFlowLayout.h in Headers */,
				AF1D0D511D6320B100F9FA68 /* CSStickyHeaderFlowLayoutAttributes.h in Headers */,
				AF1D0D491D63203300F9FA68 /* CSStickyHeaderFlowLayoutCarthage.h in Headers */,
			);
			runOnlyForDeploymentPostprocessing = 0;
		};
/* End PBXHeadersBuildPhase section */

/* Begin PBXNativeTarget section */
		1A4B2F541B56C539007F67CC /* CSStickyHeaderFlowLayout */ = {
			isa = PBXNativeTarget;
			buildConfigurationList = 1A4B2F731B56C539007F67CC /* Build configuration list for PBXNativeTarget "CSStickyHeaderFlowLayout" */;
			buildPhases = (
				1A4B2F501B56C539007F67CC /* Sources */,
				1A4B2F511B56C539007F67CC /* Frameworks */,
				1A4B2F521B56C539007F67CC /* Headers */,
				1A4B2F531B56C539007F67CC /* Resources */,
			);
			buildRules = (
			);
			dependencies = (
			);
			name = CSStickyHeaderFlowLayout;
			productName = CSStickyHeaderFlowLayout;
			productReference = 1A4B2F551B56C539007F67CC /* CSStickyHeaderFlowLayout.framework */;
			productType = "com.apple.product-type.framework";
		};
		1A4B2F5E1B56C539007F67CC /* CSStickyHeaderFlowLayoutTests */ = {
			isa = PBXNativeTarget;
			buildConfigurationList = 1A4B2F741B56C539007F67CC /* Build configuration list for PBXNativeTarget "CSStickyHeaderFlowLayoutTests" */;
			buildPhases = (
				1A4B2F5B1B56C539007F67CC /* Sources */,
				1A4B2F5C1B56C539007F67CC /* Frameworks */,
				1A4B2F5D1B56C539007F67CC /* Resources */,
			);
			buildRules = (
			);
			dependencies = (
				1A4B2F621B56C539007F67CC /* PBXTargetDependency */,
				1A4B2F641B56C539007F67CC /* PBXTargetDependency */,
			);
			name = CSStickyHeaderFlowLayoutTests;
			productName = CSStickyHeaderFlowLayoutTests;
			productReference = 1A4B2F5F1B56C539007F67CC /* CSStickyHeaderFlowLayoutTests.xctest */;
			productType = "com.apple.product-type.bundle.unit-test";
		};
		1AFE0951187D677000CA880A /* CSStickyHeaderFlowLayoutDemo */ = {
			isa = PBXNativeTarget;
			buildConfigurationList = 1AFE0984187D677000CA880A /* Build configuration list for PBXNativeTarget "CSStickyHeaderFlowLayoutDemo" */;
			buildPhases = (
				5D2E1DC23FE5404B8BEA4738 /* Check Pods Manifest.lock */,
				1AFE094E187D677000CA880A /* Sources */,
				1AFE094F187D677000CA880A /* Frameworks */,
				1AFE0950187D677000CA880A /* Resources */,
				D421C3C38E994F76AF2EBD05 /* Copy Pods Resources */,
				1A4B2F6D1B56C539007F67CC /* Embed Frameworks */,
			);
			buildRules = (
			);
			dependencies = (
			);
			name = CSStickyHeaderFlowLayoutDemo;
			productName = CSStickyHeaderFlowLayoutDemo;
			productReference = 1AFE0952187D677000CA880A /* CSStickyHeaderFlowLayoutDemo.app */;
			productType = "com.apple.product-type.application";
		};
		1AFE0972187D677000CA880A /* CSStickyHeaderFlowLayoutDemoTests */ = {
			isa = PBXNativeTarget;
			buildConfigurationList = 1AFE0987187D677000CA880A /* Build configuration list for PBXNativeTarget "CSStickyHeaderFlowLayoutDemoTests" */;
			buildPhases = (
				1AFE096F187D677000CA880A /* Sources */,
				1AFE0970187D677000CA880A /* Frameworks */,
				1AFE0971187D677000CA880A /* Resources */,
			);
			buildRules = (
			);
			dependencies = (
				1AFE0979187D677000CA880A /* PBXTargetDependency */,
			);
			name = CSStickyHeaderFlowLayoutDemoTests;
			productName = CSStickyHeaderFlowLayoutDemoTests;
			productReference = 1AFE0973187D677000CA880A /* CSStickyHeaderFlowLayoutDemoTests.xctest */;
			productType = "com.apple.product-type.bundle.unit-test";
		};
		AF1D0D451D63203300F9FA68 /* CSStickyHeaderFlowLayoutCarthage */ = {
			isa = PBXNativeTarget;
			buildConfigurationList = AF1D0D4D1D63203300F9FA68 /* Build configuration list for PBXNativeTarget "CSStickyHeaderFlowLayoutCarthage" */;
			buildPhases = (
				AF1D0D411D63203300F9FA68 /* Sources */,
				AF1D0D421D63203300F9FA68 /* Frameworks */,
				AF1D0D431D63203300F9FA68 /* Headers */,
				AF1D0D441D63203300F9FA68 /* Resources */,
			);
			buildRules = (
			);
			dependencies = (
			);
			name = CSStickyHeaderFlowLayoutCarthage;
			productName = CSStickyHeaderFlowLayoutCarthage;
			productReference = AF1D0D461D63203300F9FA68 /* CSStickyHeaderFlowLayout.framework */;
			productType = "com.apple.product-type.framework";
		};
/* End PBXNativeTarget section */

/* Begin PBXProject section */
		1AFE094A187D677000CA880A /* Project object */ = {
			isa = PBXProject;
			attributes = {
				LastSwiftUpdateCheck = 0700;
				LastUpgradeCheck = 0700;
				ORGANIZATIONNAME = "Jamz Tang";
				TargetAttributes = {
					1A4B2F541B56C539007F67CC = {
						CreatedOnToolsVersion = 6.3.1;
					};
					1A4B2F5E1B56C539007F67CC = {
						CreatedOnToolsVersion = 6.3.1;
						TestTargetID = 1AFE0951187D677000CA880A;
					};
					1AFE0972187D677000CA880A = {
						TestTargetID = 1AFE0951187D677000CA880A;
					};
					AF1D0D451D63203300F9FA68 = {
						CreatedOnToolsVersion = 7.3.1;
					};
				};
			};
			buildConfigurationList = 1AFE094D187D677000CA880A /* Build configuration list for PBXProject "CSStickyHeaderFlowLayoutDemo" */;
			compatibilityVersion = "Xcode 3.2";
			developmentRegion = English;
			hasScannedForEncodings = 0;
			knownRegions = (
				en,
				Base,
			);
			mainGroup = 1AFE0949187D677000CA880A;
			productRefGroup = 1AFE0953187D677000CA880A /* Products */;
			projectDirPath = "";
			projectRoot = "";
			targets = (
				1AFE0951187D677000CA880A /* CSStickyHeaderFlowLayoutDemo */,
				1AFE0972187D677000CA880A /* CSStickyHeaderFlowLayoutDemoTests */,
				1A4B2F541B56C539007F67CC /* CSStickyHeaderFlowLayout */,
				1A4B2F5E1B56C539007F67CC /* CSStickyHeaderFlowLayoutTests */,
				AF1D0D451D63203300F9FA68 /* CSStickyHeaderFlowLayoutCarthage */,
			);
		};
/* End PBXProject section */

/* Begin PBXResourcesBuildPhase section */
		1A4B2F531B56C539007F67CC /* Resources */ = {
			isa = PBXResourcesBuildPhase;
			buildActionMask = 2147483647;
			files = (
			);
			runOnlyForDeploymentPostprocessing = 0;
		};
		1A4B2F5D1B56C539007F67CC /* Resources */ = {
			isa = PBXResourcesBuildPhase;
			buildActionMask = 2147483647;
			files = (
			);
			runOnlyForDeploymentPostprocessing = 0;
		};
		1AFE0950187D677000CA880A /* Resources */ = {
			isa = PBXResourcesBuildPhase;
			buildActionMask = 2147483647;
			files = (
				1AC0D88918AA3AF80072B3F1 /* CSSearchBarHeader.xib in Resources */,
				1A0231F319EF75D200D3CBCB /* Launch.storyboard in Resources */,
				1A18AE5518F18764003DC8CF /* CSAlwaysOnTopHeader.xib in Resources */,
				1AFE096E187D677000CA880A /* Images.xcassets in Resources */,
				1AFE0960187D677000CA880A /* InfoPlist.strings in Resources */,
				1AFE0969187D677000CA880A /* Main.storyboard in Resources */,
				1AC0D88518AA38380072B3F1 /* CSParallaxHeader.xib in Resources */,
				1A0117F618AD037D00AC836F /* CSGrowHeader.xib in Resources */,
			);
			runOnlyForDeploymentPostprocessing = 0;
		};
		1AFE0971187D677000CA880A /* Resources */ = {
			isa = PBXResourcesBuildPhase;
			buildActionMask = 2147483647;
			files = (
				1AFE097F187D677000CA880A /* InfoPlist.strings in Resources */,
			);
			runOnlyForDeploymentPostprocessing = 0;
		};
		AF1D0D441D63203300F9FA68 /* Resources */ = {
			isa = PBXResourcesBuildPhase;
			buildActionMask = 2147483647;
			files = (
			);
			runOnlyForDeploymentPostprocessing = 0;
		};
/* End PBXResourcesBuildPhase section */

/* Begin PBXShellScriptBuildPhase section */
		5D2E1DC23FE5404B8BEA4738 /* Check Pods Manifest.lock */ = {
			isa = PBXShellScriptBuildPhase;
			buildActionMask = 2147483647;
			files = (
			);
			inputPaths = (
			);
			name = "Check Pods Manifest.lock";
			outputPaths = (
			);
			runOnlyForDeploymentPostprocessing = 0;
			shellPath = /bin/sh;
			shellScript = "diff \"${PODS_ROOT}/../Podfile.lock\" \"${PODS_ROOT}/Manifest.lock\" > /dev/null\nif [[ $? != 0 ]] ; then\n    cat << EOM\nerror: The sandbox is not in sync with the Podfile.lock. Run 'pod install' or update your CocoaPods installation.\nEOM\n    exit 1\nfi\n";
			showEnvVarsInLog = 0;
		};
		D421C3C38E994F76AF2EBD05 /* Copy Pods Resources */ = {
			isa = PBXShellScriptBuildPhase;
			buildActionMask = 2147483647;
			files = (
			);
			inputPaths = (
			);
			name = "Copy Pods Resources";
			outputPaths = (
			);
			runOnlyForDeploymentPostprocessing = 0;
			shellPath = /bin/sh;
			shellScript = "\"${SRCROOT}/Pods/Target Support Files/Pods/Pods-resources.sh\"\n";
			showEnvVarsInLog = 0;
		};
/* End PBXShellScriptBuildPhase section */

/* Begin PBXSourcesBuildPhase section */
		1A4B2F501B56C539007F67CC /* Sources */ = {
			isa = PBXSourcesBuildPhase;
			buildActionMask = 2147483647;
			files = (
				1A4B2F7C1B56C5A6007F67CC /* CSStickyHeaderFlowLayoutAttributes.m in Sources */,
				1A4B2F7A1B56C5A6007F67CC /* CSStickyHeaderFlowLayout.m in Sources */,
			);
			runOnlyForDeploymentPostprocessing = 0;
		};
		1A4B2F5B1B56C539007F67CC /* Sources */ = {
			isa = PBXSourcesBuildPhase;
			buildActionMask = 2147483647;
			files = (
				1A4B2F691B56C539007F67CC /* CSStickyHeaderFlowLayoutTests.swift in Sources */,
			);
			runOnlyForDeploymentPostprocessing = 0;
		};
		1AFE094E187D677000CA880A /* Sources */ = {
			isa = PBXSourcesBuildPhase;
			buildActionMask = 2147483647;
			files = (
				1A18AE5818F1947B003DC8CF /* CSAlwaysOnTopHeader.m in Sources */,
				1A0BCA211A80B25D005D9F7C /* CSSectionHeader.m in Sources */,
				1AFE096C187D677000CA880A /* CSParallaxHeaderViewController.m in Sources */,
				1AC67D171B5AC27F0091AFCD /* MyPulling.m in Sources */,
				1AFE0992187D688300CA880A /* CSCell.m in Sources */,
				1AFE0966187D677000CA880A /* AppDelegate.m in Sources */,
				1AFE0962187D677000CA880A /* main.m in Sources */,
				1A0117F418AD036800AC836F /* CSGrowHeaderViewController.m in Sources */,
				1A14657818F13832003B643B /* CSStickyParallaxHeaderViewController.m in Sources */,
				1AC0D88C18AA3B300072B3F1 /* CSLockedHeaderViewController.m in Sources */,
			);
			runOnlyForDeploymentPostprocessing = 0;
		};
		1AFE096F187D677000CA880A /* Sources */ = {
			isa = PBXSourcesBuildPhase;
			buildActionMask = 2147483647;
			files = (
				1AFE0981187D677000CA880A /* CSStickyHeaderFlowLayoutDemoTests.m in Sources */,
			);
			runOnlyForDeploymentPostprocessing = 0;
		};
		AF1D0D411D63203300F9FA68 /* Sources */ = {
			isa = PBXSourcesBuildPhase;
			buildActionMask = 2147483647;
			files = (
				AF1D0D4F1D6320A800F9FA68 /* CSStickyHeaderFlowLayoutAttributes.m in Sources */,
				AF1D0D4E1D6320A800F9FA68 /* CSStickyHeaderFlowLayout.m in Sources */,
			);
			runOnlyForDeploymentPostprocessing = 0;
		};
/* End PBXSourcesBuildPhase section */

/* Begin PBXTargetDependency section */
		1A4B2F621B56C539007F67CC /* PBXTargetDependency */ = {
			isa = PBXTargetDependency;
			target = 1A4B2F541B56C539007F67CC /* CSStickyHeaderFlowLayout */;
			targetProxy = 1A4B2F611B56C539007F67CC /* PBXContainerItemProxy */;
		};
		1A4B2F641B56C539007F67CC /* PBXTargetDependency */ = {
			isa = PBXTargetDependency;
			target = 1AFE0951187D677000CA880A /* CSStickyHeaderFlowLayoutDemo */;
			targetProxy = 1A4B2F631B56C539007F67CC /* PBXContainerItemProxy */;
		};
		1AFE0979187D677000CA880A /* PBXTargetDependency */ = {
			isa = PBXTargetDependency;
			target = 1AFE0951187D677000CA880A /* CSStickyHeaderFlowLayoutDemo */;
			targetProxy = 1AFE0978187D677000CA880A /* PBXContainerItemProxy */;
		};
/* End PBXTargetDependency section */

/* Begin PBXVariantGroup section */
		1AFE095E187D677000CA880A /* InfoPlist.strings */ = {
			isa = PBXVariantGroup;
			children = (
				1AFE095F187D677000CA880A /* en */,
			);
			name = InfoPlist.strings;
			sourceTree = "<group>";
		};
		1AFE0967187D677000CA880A /* Main.storyboard */ = {
			isa = PBXVariantGroup;
			children = (
				1AFE0968187D677000CA880A /* Base */,
			);
			name = Main.storyboard;
			sourceTree = "<group>";
		};
		1AFE097D187D677000CA880A /* InfoPlist.strings */ = {
			isa = PBXVariantGroup;
			children = (
				1AFE097E187D677000CA880A /* en */,
			);
			name = InfoPlist.strings;
			sourceTree = "<group>";
		};
/* End PBXVariantGroup section */

/* Begin XCBuildConfiguration section */
		1A4B2F6F1B56C539007F67CC /* Debug */ = {
			isa = XCBuildConfiguration;
			buildSettings = {
				CLANG_WARN_UNREACHABLE_CODE = YES;
				CURRENT_PROJECT_VERSION = 1;
				DEBUG_INFORMATION_FORMAT = "dwarf-with-dsym";
				DEFINES_MODULE = YES;
				DYLIB_COMPATIBILITY_VERSION = 1;
				DYLIB_CURRENT_VERSION = 1;
				DYLIB_INSTALL_NAME_BASE = "@rpath";
				ENABLE_STRICT_OBJC_MSGSEND = YES;
				GCC_NO_COMMON_BLOCKS = YES;
				GCC_PREPROCESSOR_DEFINITIONS = (
					"DEBUG=1",
					"$(inherited)",
				);
				GCC_WARN_UNINITIALIZED_AUTOS = YES_AGGRESSIVE;
				INFOPLIST_FILE = CSStickyHeaderFlowLayout/Info.plist;
				INSTALL_PATH = "$(LOCAL_LIBRARY_DIR)/Frameworks";
				IPHONEOS_DEPLOYMENT_TARGET = 8.3;
				LD_RUNPATH_SEARCH_PATHS = "$(inherited) @executable_path/Frameworks @loader_path/Frameworks";
				MTL_ENABLE_DEBUG_INFO = YES;
				PRODUCT_BUNDLE_IDENTIFIER = "com.jamztang.$(PRODUCT_NAME:rfc1034identifier)";
				PRODUCT_NAME = "$(TARGET_NAME)";
				SKIP_INSTALL = YES;
				SWIFT_OPTIMIZATION_LEVEL = "-Onone";
				TARGETED_DEVICE_FAMILY = "1,2";
				VERSIONING_SYSTEM = "apple-generic";
				VERSION_INFO_PREFIX = "";
			};
			name = Debug;
		};
		1A4B2F701B56C539007F67CC /* Release */ = {
			isa = XCBuildConfiguration;
			buildSettings = {
				CLANG_WARN_UNREACHABLE_CODE = YES;
				COPY_PHASE_STRIP = NO;
				CURRENT_PROJECT_VERSION = 1;
				DEBUG_INFORMATION_FORMAT = "dwarf-with-dsym";
				DEFINES_MODULE = YES;
				DYLIB_COMPATIBILITY_VERSION = 1;
				DYLIB_CURRENT_VERSION = 1;
				DYLIB_INSTALL_NAME_BASE = "@rpath";
				ENABLE_STRICT_OBJC_MSGSEND = YES;
				GCC_NO_COMMON_BLOCKS = YES;
				GCC_WARN_UNINITIALIZED_AUTOS = YES_AGGRESSIVE;
				INFOPLIST_FILE = CSStickyHeaderFlowLayout/Info.plist;
				INSTALL_PATH = "$(LOCAL_LIBRARY_DIR)/Frameworks";
				IPHONEOS_DEPLOYMENT_TARGET = 8.3;
				LD_RUNPATH_SEARCH_PATHS = "$(inherited) @executable_path/Frameworks @loader_path/Frameworks";
				MTL_ENABLE_DEBUG_INFO = NO;
				PRODUCT_BUNDLE_IDENTIFIER = "com.jamztang.$(PRODUCT_NAME:rfc1034identifier)";
				PRODUCT_NAME = "$(TARGET_NAME)";
				SKIP_INSTALL = YES;
				TARGETED_DEVICE_FAMILY = "1,2";
				VERSIONING_SYSTEM = "apple-generic";
				VERSION_INFO_PREFIX = "";
			};
			name = Release;
		};
		1A4B2F711B56C539007F67CC /* Debug */ = {
			isa = XCBuildConfiguration;
			buildSettings = {
				CLANG_WARN_UNREACHABLE_CODE = YES;
				DEBUG_INFORMATION_FORMAT = "dwarf-with-dsym";
				ENABLE_STRICT_OBJC_MSGSEND = YES;
				FRAMEWORK_SEARCH_PATHS = (
					"$(SDKROOT)/Developer/Library/Frameworks",
					"$(inherited)",
				);
				GCC_NO_COMMON_BLOCKS = YES;
				GCC_PREPROCESSOR_DEFINITIONS = (
					"DEBUG=1",
					"$(inherited)",
				);
				GCC_WARN_UNINITIALIZED_AUTOS = YES_AGGRESSIVE;
				INFOPLIST_FILE = CSStickyHeaderFlowLayoutTests/Info.plist;
				IPHONEOS_DEPLOYMENT_TARGET = 8.3;
				LD_RUNPATH_SEARCH_PATHS = "$(inherited) @executable_path/Frameworks @loader_path/Frameworks";
				MTL_ENABLE_DEBUG_INFO = YES;
				PRODUCT_BUNDLE_IDENTIFIER = "com.jamztang.$(PRODUCT_NAME:rfc1034identifier)";
				PRODUCT_NAME = "$(TARGET_NAME)";
				TEST_HOST = "$(BUILT_PRODUCTS_DIR)/CSStickyHeaderFlowLayoutDemo.app/CSStickyHeaderFlowLayoutDemo";
			};
			name = Debug;
		};
		1A4B2F721B56C539007F67CC /* Release */ = {
			isa = XCBuildConfiguration;
			buildSettings = {
				CLANG_WARN_UNREACHABLE_CODE = YES;
				COPY_PHASE_STRIP = NO;
				DEBUG_INFORMATION_FORMAT = "dwarf-with-dsym";
				ENABLE_STRICT_OBJC_MSGSEND = YES;
				FRAMEWORK_SEARCH_PATHS = (
					"$(SDKROOT)/Developer/Library/Frameworks",
					"$(inherited)",
				);
				GCC_NO_COMMON_BLOCKS = YES;
				GCC_WARN_UNINITIALIZED_AUTOS = YES_AGGRESSIVE;
				INFOPLIST_FILE = CSStickyHeaderFlowLayoutTests/Info.plist;
				IPHONEOS_DEPLOYMENT_TARGET = 8.3;
				LD_RUNPATH_SEARCH_PATHS = "$(inherited) @executable_path/Frameworks @loader_path/Frameworks";
				MTL_ENABLE_DEBUG_INFO = NO;
				PRODUCT_BUNDLE_IDENTIFIER = "com.jamztang.$(PRODUCT_NAME:rfc1034identifier)";
				PRODUCT_NAME = "$(TARGET_NAME)";
				TEST_HOST = "$(BUILT_PRODUCTS_DIR)/CSStickyHeaderFlowLayoutDemo.app/CSStickyHeaderFlowLayoutDemo";
			};
			name = Release;
		};
		1AFE0982187D677000CA880A /* Debug */ = {
			isa = XCBuildConfiguration;
			buildSettings = {
				ALWAYS_SEARCH_USER_PATHS = NO;
				CLANG_CXX_LANGUAGE_STANDARD = "gnu++0x";
				CLANG_CXX_LIBRARY = "libc++";
				CLANG_ENABLE_MODULES = YES;
				CLANG_ENABLE_OBJC_ARC = YES;
				CLANG_WARN_BOOL_CONVERSION = YES;
				CLANG_WARN_CONSTANT_CONVERSION = YES;
				CLANG_WARN_DIRECT_OBJC_ISA_USAGE = YES_ERROR;
				CLANG_WARN_EMPTY_BODY = YES;
				CLANG_WARN_ENUM_CONVERSION = YES;
				CLANG_WARN_INT_CONVERSION = YES;
				CLANG_WARN_OBJC_ROOT_CLASS = YES_ERROR;
				CLANG_WARN__DUPLICATE_METHOD_MATCH = YES;
				"CODE_SIGN_IDENTITY[sdk=iphoneos*]" = "iPhone Developer";
				COPY_PHASE_STRIP = NO;
				ENABLE_TESTABILITY = YES;
				GCC_C_LANGUAGE_STANDARD = gnu99;
				GCC_DYNAMIC_NO_PIC = NO;
				GCC_OPTIMIZATION_LEVEL = 0;
				GCC_PREPROCESSOR_DEFINITIONS = (
					"DEBUG=1",
					"$(inherited)",
				);
				GCC_SYMBOLS_PRIVATE_EXTERN = NO;
				GCC_WARN_64_TO_32_BIT_CONVERSION = YES;
				GCC_WARN_ABOUT_RETURN_TYPE = YES_ERROR;
				GCC_WARN_UNDECLARED_SELECTOR = YES;
				GCC_WARN_UNINITIALIZED_AUTOS = YES;
				GCC_WARN_UNUSED_FUNCTION = YES;
				GCC_WARN_UNUSED_VARIABLE = YES;
				IPHONEOS_DEPLOYMENT_TARGET = 7.0;
				ONLY_ACTIVE_ARCH = YES;
				SDKROOT = iphoneos;
			};
			name = Debug;
		};
		1AFE0983187D677000CA880A /* Release */ = {
			isa = XCBuildConfiguration;
			buildSettings = {
				ALWAYS_SEARCH_USER_PATHS = NO;
				CLANG_CXX_LANGUAGE_STANDARD = "gnu++0x";
				CLANG_CXX_LIBRARY = "libc++";
				CLANG_ENABLE_MODULES = YES;
				CLANG_ENABLE_OBJC_ARC = YES;
				CLANG_WARN_BOOL_CONVERSION = YES;
				CLANG_WARN_CONSTANT_CONVERSION = YES;
				CLANG_WARN_DIRECT_OBJC_ISA_USAGE = YES_ERROR;
				CLANG_WARN_EMPTY_BODY = YES;
				CLANG_WARN_ENUM_CONVERSION = YES;
				CLANG_WARN_INT_CONVERSION = YES;
				CLANG_WARN_OBJC_ROOT_CLASS = YES_ERROR;
				CLANG_WARN__DUPLICATE_METHOD_MATCH = YES;
				"CODE_SIGN_IDENTITY[sdk=iphoneos*]" = "iPhone Developer";
				COPY_PHASE_STRIP = YES;
				ENABLE_NS_ASSERTIONS = NO;
				GCC_C_LANGUAGE_STANDARD = gnu99;
				GCC_WARN_64_TO_32_BIT_CONVERSION = YES;
				GCC_WARN_ABOUT_RETURN_TYPE = YES_ERROR;
				GCC_WARN_UNDECLARED_SELECTOR = YES;
				GCC_WARN_UNINITIALIZED_AUTOS = YES;
				GCC_WARN_UNUSED_FUNCTION = YES;
				GCC_WARN_UNUSED_VARIABLE = YES;
				IPHONEOS_DEPLOYMENT_TARGET = 7.0;
				SDKROOT = iphoneos;
				VALIDATE_PRODUCT = YES;
			};
			name = Release;
		};
		1AFE0985187D677000CA880A /* Debug */ = {
			isa = XCBuildConfiguration;
			baseConfigurationReference = 58D371C1C7F562AB1D536637 /* Pods.debug.xcconfig */;
			buildSettings = {
				ASSETCATALOG_COMPILER_APPICON_NAME = AppIcon;
				ASSETCATALOG_COMPILER_LAUNCHIMAGE_NAME = LaunchImage;
				GCC_PRECOMPILE_PREFIX_HEADER = YES;
				GCC_PREFIX_HEADER = "CSStickyHeaderFlowLayoutDemo/CSStickyHeaderFlowLayoutDemo-Prefix.pch";
				INFOPLIST_FILE = "CSStickyHeaderFlowLayoutDemo/CSStickyHeaderFlowLayoutDemo-Info.plist";
				LD_RUNPATH_SEARCH_PATHS = "$(inherited) @executable_path/Frameworks";
				PRODUCT_BUNDLE_IDENTIFIER = "com.jamztang.${PRODUCT_NAME:rfc1034identifier}";
				PRODUCT_NAME = "$(TARGET_NAME)";
				WRAPPER_EXTENSION = app;
			};
			name = Debug;
		};
		1AFE0986187D677000CA880A /* Release */ = {
			isa = XCBuildConfiguration;
			baseConfigurationReference = 229ECB0968A8A873A6AEB59D /* Pods.release.xcconfig */;
			buildSettings = {
				ASSETCATALOG_COMPILER_APPICON_NAME = AppIcon;
				ASSETCATALOG_COMPILER_LAUNCHIMAGE_NAME = LaunchImage;
				GCC_PRECOMPILE_PREFIX_HEADER = YES;
				GCC_PREFIX_HEADER = "CSStickyHeaderFlowLayoutDemo/CSStickyHeaderFlowLayoutDemo-Prefix.pch";
				INFOPLIST_FILE = "CSStickyHeaderFlowLayoutDemo/CSStickyHeaderFlowLayoutDemo-Info.plist";
				LD_RUNPATH_SEARCH_PATHS = "$(inherited) @executable_path/Frameworks";
				PRODUCT_BUNDLE_IDENTIFIER = "com.jamztang.${PRODUCT_NAME:rfc1034identifier}";
				PRODUCT_NAME = "$(TARGET_NAME)";
				WRAPPER_EXTENSION = app;
			};
			name = Release;
		};
		1AFE0988187D677000CA880A /* Debug */ = {
			isa = XCBuildConfiguration;
			buildSettings = {
				BUNDLE_LOADER = "$(BUILT_PRODUCTS_DIR)/CSStickyHeaderFlowLayoutDemo.app/CSStickyHeaderFlowLayoutDemo";
				FRAMEWORK_SEARCH_PATHS = (
					"$(SDKROOT)/Developer/Library/Frameworks",
					"$(inherited)",
					"$(DEVELOPER_FRAMEWORKS_DIR)",
				);
				GCC_PRECOMPILE_PREFIX_HEADER = YES;
				GCC_PREFIX_HEADER = "CSStickyHeaderFlowLayoutDemo/CSStickyHeaderFlowLayoutDemo-Prefix.pch";
				GCC_PREPROCESSOR_DEFINITIONS = (
					"DEBUG=1",
					"$(inherited)",
				);
				INFOPLIST_FILE = "CSStickyHeaderFlowLayoutDemoTests/CSStickyHeaderFlowLayoutDemoTests-Info.plist";
				PRODUCT_BUNDLE_IDENTIFIER = "com.jamztang.${PRODUCT_NAME:rfc1034identifier}";
				PRODUCT_NAME = "$(TARGET_NAME)";
				TEST_HOST = "$(BUNDLE_LOADER)";
				WRAPPER_EXTENSION = xctest;
			};
			name = Debug;
		};
		1AFE0989187D677000CA880A /* Release */ = {
			isa = XCBuildConfiguration;
			buildSettings = {
				BUNDLE_LOADER = "$(BUILT_PRODUCTS_DIR)/CSStickyHeaderFlowLayoutDemo.app/CSStickyHeaderFlowLayoutDemo";
				FRAMEWORK_SEARCH_PATHS = (
					"$(SDKROOT)/Developer/Library/Frameworks",
					"$(inherited)",
					"$(DEVELOPER_FRAMEWORKS_DIR)",
				);
				GCC_PRECOMPILE_PREFIX_HEADER = YES;
				GCC_PREFIX_HEADER = "CSStickyHeaderFlowLayoutDemo/CSStickyHeaderFlowLayoutDemo-Prefix.pch";
				INFOPLIST_FILE = "CSStickyHeaderFlowLayoutDemoTests/CSStickyHeaderFlowLayoutDemoTests-Info.plist";
				PRODUCT_BUNDLE_IDENTIFIER = "com.jamztang.${PRODUCT_NAME:rfc1034identifier}";
				PRODUCT_NAME = "$(TARGET_NAME)";
				TEST_HOST = "$(BUNDLE_LOADER)";
				WRAPPER_EXTENSION = xctest;
			};
			name = Release;
		};
		AF1D0D4B1D63203300F9FA68 /* Debug */ = {
			isa = XCBuildConfiguration;
			buildSettings = {
				CLANG_ANALYZER_NONNULL = YES;
				CLANG_WARN_UNREACHABLE_CODE = YES;
				CURRENT_PROJECT_VERSION = 1;
				DEBUG_INFORMATION_FORMAT = dwarf;
				DEFINES_MODULE = YES;
				DYLIB_COMPATIBILITY_VERSION = 1;
				DYLIB_CURRENT_VERSION = 1;
				DYLIB_INSTALL_NAME_BASE = "@rpath";
				ENABLE_STRICT_OBJC_MSGSEND = YES;
				GCC_NO_COMMON_BLOCKS = YES;
				GCC_WARN_UNINITIALIZED_AUTOS = YES_AGGRESSIVE;
				INFOPLIST_FILE = CSStickyHeaderFlowLayoutCarthage/Info.plist;
				INSTALL_PATH = "$(LOCAL_LIBRARY_DIR)/Frameworks";
				IPHONEOS_DEPLOYMENT_TARGET = 8.3;
				LD_RUNPATH_SEARCH_PATHS = "$(inherited) @executable_path/Frameworks @loader_path/Frameworks";
				MTL_ENABLE_DEBUG_INFO = YES;
				PRODUCT_BUNDLE_IDENTIFIER = com.jamztang.CSStickyHeaderFlowLayoutFramework.CSStickyHeaderFlowLayoutCarthage;
				PRODUCT_NAME = CSStickyHeaderFlowLayout;
				SKIP_INSTALL = YES;
				SWIFT_OPTIMIZATION_LEVEL = "-Onone";
				TARGETED_DEVICE_FAMILY = "1,2";
				VERSIONING_SYSTEM = "apple-generic";
				VERSION_INFO_PREFIX = "";
			};
			name = Debug;
		};
		AF1D0D4C1D63203300F9FA68 /* Release */ = {
			isa = XCBuildConfiguration;
			buildSettings = {
				CLANG_ANALYZER_NONNULL = YES;
				CLANG_WARN_UNREACHABLE_CODE = YES;
				COPY_PHASE_STRIP = NO;
				CURRENT_PROJECT_VERSION = 1;
				DEBUG_INFORMATION_FORMAT = "dwarf-with-dsym";
				DEFINES_MODULE = YES;
				DYLIB_COMPATIBILITY_VERSION = 1;
				DYLIB_CURRENT_VERSION = 1;
				DYLIB_INSTALL_NAME_BASE = "@rpath";
				ENABLE_STRICT_OBJC_MSGSEND = YES;
				GCC_NO_COMMON_BLOCKS = YES;
				GCC_WARN_UNINITIALIZED_AUTOS = YES_AGGRESSIVE;
				INFOPLIST_FILE = CSStickyHeaderFlowLayoutCarthage/Info.plist;
				INSTALL_PATH = "$(LOCAL_LIBRARY_DIR)/Frameworks";
				IPHONEOS_DEPLOYMENT_TARGET = 8.3;
				LD_RUNPATH_SEARCH_PATHS = "$(inherited) @executable_path/Frameworks @loader_path/Frameworks";
				MTL_ENABLE_DEBUG_INFO = NO;
				PRODUCT_BUNDLE_IDENTIFIER = com.jamztang.CSStickyHeaderFlowLayoutFramework.CSStickyHeaderFlowLayoutCarthage;
				PRODUCT_NAME = CSStickyHeaderFlowLayout;
				SKIP_INSTALL = YES;
				TARGETED_DEVICE_FAMILY = "1,2";
				VERSIONING_SYSTEM = "apple-generic";
				VERSION_INFO_PREFIX = "";
			};
			name = Release;
		};
/* End XCBuildConfiguration section */

/* Begin XCConfigurationList section */
		1A4B2F731B56C539007F67CC /* Build configuration list for PBXNativeTarget "CSStickyHeaderFlowLayout" */ = {
			isa = XCConfigurationList;
			buildConfigurations = (
				1A4B2F6F1B56C539007F67CC /* Debug */,
				1A4B2F701B56C539007F67CC /* Release */,
			);
			defaultConfigurationIsVisible = 0;
			defaultConfigurationName = Release;
		};
		1A4B2F741B56C539007F67CC /* Build configuration list for PBXNativeTarget "CSStickyHeaderFlowLayoutTests" */ = {
			isa = XCConfigurationList;
			buildConfigurations = (
				1A4B2F711B56C539007F67CC /* Debug */,
				1A4B2F721B56C539007F67CC /* Release */,
			);
			defaultConfigurationIsVisible = 0;
			defaultConfigurationName = Release;
		};
		1AFE094D187D677000CA880A /* Build configuration list for PBXProject "CSStickyHeaderFlowLayoutDemo" */ = {
			isa = XCConfigurationList;
			buildConfigurations = (
				1AFE0982187D677000CA880A /* Debug */,
				1AFE0983187D677000CA880A /* Release */,
			);
			defaultConfigurationIsVisible = 0;
			defaultConfigurationName = Release;
		};
		1AFE0984187D677000CA880A /* Build configuration list for PBXNativeTarget "CSStickyHeaderFlowLayoutDemo" */ = {
			isa = XCConfigurationList;
			buildConfigurations = (
				1AFE0985187D677000CA880A /* Debug */,
				1AFE0986187D677000CA880A /* Release */,
			);
			defaultConfigurationIsVisible = 0;
			defaultConfigurationName = Release;
		};
		1AFE0987187D677000CA880A /* Build configuration list for PBXNativeTarget "CSStickyHeaderFlowLayoutDemoTests" */ = {
			isa = XCConfigurationList;
			buildConfigurations = (
				1AFE0988187D677000CA880A /* Debug */,
				1AFE0989187D677000CA880A /* Release */,
			);
			defaultConfigurationIsVisible = 0;
			defaultConfigurationName = Release;
		};
		AF1D0D4D1D63203300F9FA68 /* Build configuration list for PBXNativeTarget "CSStickyHeaderFlowLayoutCarthage" */ = {
			isa = XCConfigurationList;
			buildConfigurations = (
				AF1D0D4B1D63203300F9FA68 /* Debug */,
				AF1D0D4C1D63203300F9FA68 /* Release */,
			);
			defaultConfigurationIsVisible = 0;
		};
/* End XCConfigurationList section */
	};
	rootObject = 1AFE094A187D677000CA880A /* Project object */;
}
